
Microsoft Visual Studio Solution File, Format Version 12.00
# Visual Studio Version 16
VisualStudioVersion = 16.0.30804.86
MinimumVisualStudioVersion = 10.0.40219.1
Project("{888888A0-9F3D-457C-B088-3A5042F75D52}") = "Facebook", "Facebook\Facebook.pyproj", "{60909BDE-FB18-45AA-8F88-DF7266736722}"
EndProject
Global
	GlobalSection(SolutionConfigurationPlatforms) = preSolution
		Debug|Any CPU = Debug|Any CPU
		Release|Any CPU = Release|Any CPU
	EndGlobalSection
	GlobalSection(ProjectConfigurationPlatforms) = postSolution
		{60909BDE-FB18-45AA-8F88-DF7266736722}.Debug|Any CPU.ActiveCfg = Debug|Any CPU
		{60909BDE-FB18-45AA-8F88-DF7266736722}.Release|Any CPU.ActiveCfg = Release|Any CPU
	EndGlobalSection
	GlobalSection(SolutionProperties) = preSolution
		HideSolutionNode = FALSE
	EndGlobalSection
	GlobalSection(ExtensibilityGlobals) = postSolution
		SolutionGuid = {77787BC8-DF08-46B8-8F4E-75A9112300BC}
	EndGlobalSection
EndGlobal
